// !$*UTF8*$!
{
	archiveVersion = 1;
	classes = {
	};
	objectVersion = 55;
	objects = {

/* Begin PBXBuildFile section */
		1F07C662297066450032DC5B /* AppDelegate.swift in Sources */ = {isa = PBXBuildFile; fileRef = 1F07C661297066450032DC5B /* AppDelegate.swift */; };
		1F07C664297066450032DC5B /* SceneDelegate.swift in Sources */ = {isa = PBXBuildFile; fileRef = 1F07C663297066450032DC5B /* SceneDelegate.swift */; };
		1F07C666297066450032DC5B /* ViewController.swift in Sources */ = {isa = PBXBuildFile; fileRef = 1F07C665297066450032DC5B /* ViewController.swift */; };
		1F07C669297066450032DC5B /* Main.storyboard in Resources */ = {isa = PBXBuildFile; fileRef = 1F07C667297066450032DC5B /* Main.storyboard */; };
		1F07C66B297066460032DC5B /* Assets.xcassets in Resources */ = {isa = PBXBuildFile; fileRef = 1F07C66A297066460032DC5B /* Assets.xcassets */; };
		1F07C66E297066460032DC5B /* LaunchScreen.storyboard in Resources */ = {isa = PBXBuildFile; fileRef = 1F07C66C297066460032DC5B /* LaunchScreen.storyboard */; };
		1F183B73297068EA0032EBE7 /* BankAPI.swift in Sources */ = {isa = PBXBuildFile; fileRef = 1F183B72297068EA0032EBE7 /* BankAPI.swift */; };
		1F6BA53129706C4E007AFCC1 /* BankProvider.swift in Sources */ = {isa = PBXBuildFile; fileRef = 1F6BA53029706C4E007AFCC1 /* BankProvider.swift */; };
		1F6BA53329706C7E007AFCC1 /* BankModel.swift in Sources */ = {isa = PBXBuildFile; fileRef = 1F6BA53229706C7E007AFCC1 /* BankModel.swift */; };
		81600308CC59F7F683CA7619 /* Pods_BankGit.framework in Frameworks */ = {isa = PBXBuildFile; fileRef = 2ADF57611C1542004FF62329 /* Pods_BankGit.framework */; };
/* End PBXBuildFile section */

/* Begin PBXFileReference section */
		1F07C65E297066450032DC5B /* BankGit.app */ = {isa = PBXFileReference; explicitFileType = wrapper.application; includeInIndex = 0; path = BankGit.app; sourceTree = BUILT_PRODUCTS_DIR; };
		1F07C661297066450032DC5B /* AppDelegate.swift */ = {isa = PBXFileReference; lastKnownFileType = sourcecode.swift; path = AppDelegate.swift; sourceTree = "<group>"; };
		1F07C663297066450032DC5B /* SceneDelegate.swift */ = {isa = PBXFileReference; lastKnownFileType = sourcecode.swift; path = SceneDelegate.swift; sourceTree = "<group>"; };
		1F07C665297066450032DC5B /* ViewController.swift */ = {isa = PBXFileReference; lastKnownFileType = sourcecode.swift; path = ViewController.swift; sourceTree = "<group>"; };
		1F07C668297066450032DC5B /* Base */ = {isa = PBXFileReference; lastKnownFileType = file.storyboard; name = Base; path = Base.lproj/Main.storyboard; sourceTree = "<group>"; };
		1F07C66A297066460032DC5B /* Assets.xcassets */ = {isa = PBXFileReference; lastKnownFileType = folder.assetcatalog; path = Assets.xcassets; sourceTree = "<group>"; };
		1F07C66D297066460032DC5B /* Base */ = {isa = PBXFileReference; lastKnownFileType = file.storyboard; name = Base; path = Base.lproj/LaunchScreen.storyboard; sourceTree = "<group>"; };
		1F07C66F297066460032DC5B /* Info.plist */ = {isa = PBXFileReference; lastKnownFileType = text.plist.xml; path = Info.plist; sourceTree = "<group>"; };
		1F183B72297068EA0032EBE7 /* BankAPI.swift */ = {isa = PBXFileReference; lastKnownFileType = sourcecode.swift; path = BankAPI.swift; sourceTree = "<group>"; };
		1F6BA53029706C4E007AFCC1 /* BankProvider.swift */ = {isa = PBXFileReference; lastKnownFileType = sourcecode.swift; path = BankProvider.swift; sourceTree = "<group>"; };
		1F6BA53229706C7E007AFCC1 /* BankModel.swift */ = {isa = PBXFileReference; lastKnownFileType = sourcecode.swift; path = BankModel.swift; sourceTree = "<group>"; };
		2ADF57611C1542004FF62329 /* Pods_BankGit.framework */ = {isa = PBXFileReference; explicitFileType = wrapper.framework; includeInIndex = 0; path = Pods_BankGit.framework; sourceTree = BUILT_PRODUCTS_DIR; };
		AF6AD56AB6174D3DF3929126 /* Pods-BankGit.debug.xcconfig */ = {isa = PBXFileReference; includeInIndex = 1; lastKnownFileType = text.xcconfig; name = "Pods-BankGit.debug.xcconfig"; path = "Target Support Files/Pods-BankGit/Pods-BankGit.debug.xcconfig"; sourceTree = "<group>"; };
		E87BB6A715C59AAF47BF8D05 /* Pods-BankGit.release.xcconfig */ = {isa = PBXFileReference; includeInIndex = 1; lastKnownFileType = text.xcconfig; name = "Pods-BankGit.release.xcconfig"; path = "Target Support Files/Pods-BankGit/Pods-BankGit.release.xcconfig"; sourceTree = "<group>"; };
/* End PBXFileReference section */

/* Begin PBXFrameworksBuildPhase section */
		1F07C65B297066450032DC5B /* Frameworks */ = {
			isa = PBXFrameworksBuildPhase;
			buildActionMask = 2147483647;
			files = (
				81600308CC59F7F683CA7619 /* Pods_BankGit.framework in Frameworks */,
			);
			runOnlyForDeploymentPostprocessing = 0;
		};
/* End PBXFrameworksBuildPhase section */

/* Begin PBXGroup section */
		0305261F4FE405ED1EC128E6 /* Pods */ = {
			isa = PBXGroup;
			children = (
				AF6AD56AB6174D3DF3929126 /* Pods-BankGit.debug.xcconfig */,
				E87BB6A715C59AAF47BF8D05 /* Pods-BankGit.release.xcconfig */,
			);
			path = Pods;
			sourceTree = "<group>";
		};
		1F07C655297066450032DC5B = {
			isa = PBXGroup;
			children = (
				1F07C660297066450032DC5B /* BankGit */,
				1F07C65F297066450032DC5B /* Products */,
				0305261F4FE405ED1EC128E6 /* Pods */,
				9640A01336214074F607848D /* Frameworks */,
			);
			sourceTree = "<group>";
		};
		1F07C65F297066450032DC5B /* Products */ = {
			isa = PBXGroup;
			children = (
				1F07C65E297066450032DC5B /* BankGit.app */,
			);
			name = Products;
			sourceTree = "<group>";
		};
		1F07C660297066450032DC5B /* BankGit */ = {
			isa = PBXGroup;
			children = (
				1F07C661297066450032DC5B /* AppDelegate.swift */,
				1F07C663297066450032DC5B /* SceneDelegate.swift */,
				1F07C665297066450032DC5B /* ViewController.swift */,
				1F07C667297066450032DC5B /* Main.storyboard */,
				1F07C66A297066460032DC5B /* Assets.xcassets */,
				1F07C66C297066460032DC5B /* LaunchScreen.storyboard */,
				1F07C66F297066460032DC5B /* Info.plist */,
				1F183B72297068EA0032EBE7 /* BankAPI.swift */,
				1F6BA53029706C4E007AFCC1 /* BankProvider.swift */,
				1F6BA53229706C7E007AFCC1 /* BankModel.swift */,
			);
			path = BankGit;
			sourceTree = "<group>";
		};
		9640A01336214074F607848D /* Frameworks */ = {
			isa = PBXGroup;
			children = (
				2ADF57611C1542004FF62329 /* Pods_BankGit.framework */,
			);
			name = Frameworks;
			sourceTree = "<group>";
		};
/* End PBXGroup section */

/* Begin PBXNativeTarget section */
		1F07C65D297066450032DC5B /* BankGit */ = {
			isa = PBXNativeTarget;
			buildConfigurationList = 1F07C672297066460032DC5B /* Build configuration list for PBXNativeTarget "BankGit" */;
			buildPhases = (
				7F858F0B99D45F2485E215C2 /* [CP] Check Pods Manifest.lock */,
				1F07C65A297066450032DC5B /* Sources */,
				1F07C65B297066450032DC5B /* Frameworks */,
				1F07C65C297066450032DC5B /* Resources */,
				E3E69F0D4C65EEFBADAD645F /* [CP] Embed Pods Frameworks */,
				5ED98D98A879E219DBACDC1D /* [CP] Copy Pods Resources */,
			);
			buildRules = (
			);
			dependencies = (
			);
			name = BankGit;
			productName = BankGit;
			productReference = 1F07C65E297066450032DC5B /* BankGit.app */;
			productType = "com.apple.product-type.application";
		};
/* End PBXNativeTarget section */

/* Begin PBXProject section */
		1F07C656297066450032DC5B /* Project object */ = {
			isa = PBXProject;
			attributes = {
				BuildIndependentTargetsInParallel = 1;
				LastSwiftUpdateCheck = 1420;
				LastUpgradeCheck = 1420;
				TargetAttributes = {
					1F07C65D297066450032DC5B = {
						CreatedOnToolsVersion = 14.2;
					};
				};
			};
			buildConfigurationList = 1F07C659297066450032DC5B /* Build configuration list for PBXProject "BankGit" */;
			compatibilityVersion = "Xcode 13.0";
			developmentRegion = en;
			hasScannedForEncodings = 0;
			knownRegions = (
				en,
				Base,
			);
			mainGroup = 1F07C655297066450032DC5B;
			productRefGroup = 1F07C65F297066450032DC5B /* Products */;
			projectDirPath = "";
			projectRoot = "";
			targets = (
				1F07C65D297066450032DC5B /* BankGit */,
			);
		};
/* End PBXProject section */

/* Begin PBXResourcesBuildPhase section */
		1F07C65C297066450032DC5B /* Resources */ = {
			isa = PBXResourcesBuildPhase;
			buildActionMask = 2147483647;
			files = (
				1F07C66E297066460032DC5B /* LaunchScreen.storyboard in Resources */,
				1F07C66B297066460032DC5B /* Assets.xcassets in Resources */,
				1F07C669297066450032DC5B /* Main.storyboard in Resources */,
			);
			runOnlyForDeploymentPostprocessing = 0;
		};
/* End PBXResourcesBuildPhase section */

/* Begin PBXShellScriptBuildPhase section */
		5ED98D98A879E219DBACDC1D /* [CP] Copy Pods Resources */ = {
			isa = PBXShellScriptBuildPhase;
			buildActionMask = 2147483647;
			files = (
			);
			inputFileListPaths = (
				"${PODS_ROOT}/Target Support Files/Pods-BankGit/Pods-BankGit-resources-${CONFIGURATION}-input-files.xcfilelist",
			);
			name = "[CP] Copy Pods Resources";
			outputFileListPaths = (
				"${PODS_ROOT}/Target Support Files/Pods-BankGit/Pods-BankGit-resources-${CONFIGURATION}-output-files.xcfilelist",
			);
			runOnlyForDeploymentPostprocessing = 0;
			shellPath = /bin/sh;
			shellScript = "\"${PODS_ROOT}/Target Support Files/Pods-BankGit/Pods-BankGit-resources.sh\"\n";
			showEnvVarsInLog = 0;
		};
		7F858F0B99D45F2485E215C2 /* [CP] Check Pods Manifest.lock */ = {
			isa = PBXShellScriptBuildPhase;
			buildActionMask = 2147483647;
			files = (
			);
			inputFileListPaths = (
			);
			inputPaths = (
				"${PODS_PODFILE_DIR_PATH}/Podfile.lock",
				"${PODS_ROOT}/Manifest.lock",
			);
			name = "[CP] Check Pods Manifest.lock";
			outputFileListPaths = (
			);
			outputPaths = (
				"$(DERIVED_FILE_DIR)/Pods-BankGit-checkManifestLockResult.txt",
			);
			runOnlyForDeploymentPostprocessing = 0;
			shellPath = /bin/sh;
			shellScript = "diff \"${PODS_PODFILE_DIR_PATH}/Podfile.lock\" \"${PODS_ROOT}/Manifest.lock\" > /dev/null\nif [ $? != 0 ] ; then\n    # print error to STDERR\n    echo \"error: The sandbox is not in sync with the Podfile.lock. Run 'pod install' or update your CocoaPods installation.\" >&2\n    exit 1\nfi\n# This output is used by Xcode 'outputs' to avoid re-running this script phase.\necho \"SUCCESS\" > \"${SCRIPT_OUTPUT_FILE_0}\"\n";
			showEnvVarsInLog = 0;
		};
		E3E69F0D4C65EEFBADAD645F /* [CP] Embed Pods Frameworks */ = {
			isa = PBXShellScriptBuildPhase;
			buildActionMask = 2147483647;
			files = (
			);
			inputFileListPaths = (
				"${PODS_ROOT}/Target Support Files/Pods-BankGit/Pods-BankGit-frameworks-${CONFIGURATION}-input-files.xcfilelist",
			);
			name = "[CP] Embed Pods Frameworks";
			outputFileListPaths = (
				"${PODS_ROOT}/Target Support Files/Pods-BankGit/Pods-BankGit-frameworks-${CONFIGURATION}-output-files.xcfilelist",
			);
			runOnlyForDeploymentPostprocessing = 0;
			shellPath = /bin/sh;
			shellScript = "\"${PODS_ROOT}/Target Support Files/Pods-BankGit/Pods-BankGit-frameworks.sh\"\n";
			showEnvVarsInLog = 0;
		};
/* End PBXShellScriptBuildPhase section */

/* Begin PBXSourcesBuildPhase section */
		1F07C65A297066450032DC5B /* Sources */ = {
			isa = PBXSourcesBuildPhase;
			buildActionMask = 2147483647;
			files = (
				1F07C666297066450032DC5B /* ViewController.swift in Sources */,
				1F6BA53329706C7E007AFCC1 /* BankModel.swift in Sources */,
				1F6BA53129706C4E007AFCC1 /* BankProvider.swift in Sources */,
				1F07C662297066450032DC5B /* AppDelegate.swift in Sources */,
				1F183B73297068EA0032EBE7 /* BankAPI.swift in Sources */,
				1F07C664297066450032DC5B /* SceneDelegate.swift in Sources */,
			);
			runOnlyForDeploymentPostprocessing = 0;
		};
/* End PBXSourcesBuildPhase section */

/* Begin PBXVariantGroup section */
		1F07C667297066450032DC5B /* Main.storyboard */ = {
			isa = PBXVariantGroup;
			children = (
				1F07C668297066450032DC5B /* Base */,
			);
			name = Main.storyboard;
			sourceTree = "<group>";
		};
		1F07C66C297066460032DC5B /* LaunchScreen.storyboard */ = {
			isa = PBXVariantGroup;
			children = (
				1F07C66D297066460032DC5B /* Base */,
			);
			name = LaunchScreen.storyboard;
			sourceTree = "<group>";
		};
/* End PBXVariantGroup section */

/* Begin XCBuildConfiguration section */
		1F07C670297066460032DC5B /* Debug */ = {
			isa = XCBuildConfiguration;
			buildSettings = {
				ALWAYS_SEARCH_USER_PATHS = NO;
				CLANG_ANALYZER_NONNULL = YES;
				CLANG_ANALYZER_NUMBER_OBJECT_CONVERSION = YES_AGGRESSIVE;
				CLANG_CXX_LANGUAGE_STANDARD = "gnu++20";
				CLANG_ENABLE_MODULES = YES;
				CLANG_ENABLE_OBJC_ARC = YES;
				CLANG_ENABLE_OBJC_WEAK = YES;
				CLANG_WARN_BLOCK_CAPTURE_AUTORELEASING = YES;
				CLANG_WARN_BOOL_CONVERSION = YES;
				CLANG_WARN_COMMA = YES;
				CLANG_WARN_CONSTANT_CONVERSION = YES;
				CLANG_WARN_DEPRECATED_OBJC_IMPLEMENTATIONS = YES;
				CLANG_WARN_DIRECT_OBJC_ISA_USAGE = YES_ERROR;
				CLANG_WARN_DOCUMENTATION_COMMENTS = YES;
				CLANG_WARN_EMPTY_BODY = YES;
				CLANG_WARN_ENUM_CONVERSION = YES;
				CLANG_WARN_INFINITE_RECURSION = YES;
				CLANG_WARN_INT_CONVERSION = YES;
				CLANG_WARN_NON_LITERAL_NULL_CONVERSION = YES;
				CLANG_WARN_OBJC_IMPLICIT_RETAIN_SELF = YES;
				CLANG_WARN_OBJC_LITERAL_CONVERSION = YES;
				CLANG_WARN_OBJC_ROOT_CLASS = YES_ERROR;
				CLANG_WARN_QUOTED_INCLUDE_IN_FRAMEWORK_HEADER = YES;
				CLANG_WARN_RANGE_LOOP_ANALYSIS = YES;
				CLANG_WARN_STRICT_PROTOTYPES = YES;
				CLANG_WARN_SUSPICIOUS_MOVE = YES;
				CLANG_WARN_UNGUARDED_AVAILABILITY = YES_AGGRESSIVE;
				CLANG_WARN_UNREACHABLE_CODE = YES;
				CLANG_WARN__DUPLICATE_METHOD_MATCH = YES;
				COPY_PHASE_STRIP = NO;
				DEBUG_INFORMATION_FORMAT = dwarf;
				ENABLE_STRICT_OBJC_MSGSEND = YES;
				ENABLE_TESTABILITY = YES;
				GCC_C_LANGUAGE_STANDARD = gnu11;
				GCC_DYNAMIC_NO_PIC = NO;
				GCC_NO_COMMON_BLOCKS = YES;
				GCC_OPTIMIZATION_LEVEL = 0;
				GCC_PREPROCESSOR_DEFINITIONS = (
					"DEBUG=1",
					"$(inherited)",
				);
				GCC_WARN_64_TO_32_BIT_CONVERSION = YES;
				GCC_WARN_ABOUT_RETURN_TYPE = YES_ERROR;
				GCC_WARN_UNDECLARED_SELECTOR = YES;
				GCC_WARN_UNINITIALIZED_AUTOS = YES_AGGRESSIVE;
				GCC_WARN_UNUSED_FUNCTION = YES;
				GCC_WARN_UNUSED_VARIABLE = YES;
				IPHONEOS_DEPLOYMENT_TARGET = 16.2;
				MTL_ENABLE_DEBUG_INFO = INCLUDE_SOURCE;
				MTL_FAST_MATH = YES;
				ONLY_ACTIVE_ARCH = YES;
				SDKROOT = iphoneos;
				SWIFT_ACTIVE_COMPILATION_CONDITIONS = DEBUG;
				SWIFT_OPTIMIZATION_LEVEL = "-Onone";
			};
			name = Debug;
		};
		1F07C671297066460032DC5B /* Release */ = {
			isa = XCBuildConfiguration;
			buildSettings = {
				ALWAYS_SEARCH_USER_PATHS = NO;
				CLANG_ANALYZER_NONNULL = YES;
				CLANG_ANALYZER_NUMBER_OBJECT_CONVERSION = YES_AGGRESSIVE;
				CLANG_CXX_LANGUAGE_STANDARD = "gnu++20";
				CLANG_ENABLE_MODULES = YES;
				CLANG_ENABLE_OBJC_ARC = YES;
				CLANG_ENABLE_OBJC_WEAK = YES;
				CLANG_WARN_BLOCK_CAPTURE_AUTORELEASING = YES;
				CLANG_WARN_BOOL_CONVERSION = YES;
				CLANG_WARN_COMMA = YES;
				CLANG_WARN_CONSTANT_CONVERSION = YES;
				CLANG_WARN_DEPRECATED_OBJC_IMPLEMENTATIONS = YES;
				CLANG_WARN_DIRECT_OBJC_ISA_USAGE = YES_ERROR;
				CLANG_WARN_DOCUMENTATION_COMMENTS = YES;
				CLANG_WARN_EMPTY_BODY = YES;
				CLANG_WARN_ENUM_CONVERSION = YES;
				CLANG_WARN_INFINITE_RECURSION = YES;
				CLANG_WARN_INT_CONVERSION = YES;
				CLANG_WARN_NON_LITERAL_NULL_CONVERSION = YES;
				CLANG_WARN_OBJC_IMPLICIT_RETAIN_SELF = YES;
				CLANG_WARN_OBJC_LITERAL_CONVERSION = YES;
				CLANG_WARN_OBJC_ROOT_CLASS = YES_ERROR;
				CLANG_WARN_QUOTED_INCLUDE_IN_FRAMEWORK_HEADER = YES;
				CLANG_WARN_RANGE_LOOP_ANALYSIS = YES;
				CLANG_WARN_STRICT_PROTOTYPES = YES;
				CLANG_WARN_SUSPICIOUS_MOVE = YES;
				CLANG_WARN_UNGUARDED_AVAILABILITY = YES_AGGRESSIVE;
				CLANG_WARN_UNREACHABLE_CODE = YES;
				CLANG_WARN__DUPLICATE_METHOD_MATCH = YES;
				COPY_PHASE_STRIP = NO;
				DEBUG_INFORMATION_FORMAT = "dwarf-with-dsym";
				ENABLE_NS_ASSERTIONS = NO;
				ENABLE_STRICT_OBJC_MSGSEND = YES;
				GCC_C_LANGUAGE_STANDARD = gnu11;
				GCC_NO_COMMON_BLOCKS = YES;
				GCC_WARN_64_TO_32_BIT_CONVERSION = YES;
				GCC_WARN_ABOUT_RETURN_TYPE = YES_ERROR;
				GCC_WARN_UNDECLARED_SELECTOR = YES;
				GCC_WARN_UNINITIALIZED_AUTOS = YES_AGGRESSIVE;
				GCC_WARN_UNUSED_FUNCTION = YES;
				GCC_WARN_UNUSED_VARIABLE = YES;
				IPHONEOS_DEPLOYMENT_TARGET = 16.2;
				MTL_ENABLE_DEBUG_INFO = NO;
				MTL_FAST_MATH = YES;
				SDKROOT = iphoneos;
				SWIFT_COMPILATION_MODE = wholemodule;
				SWIFT_OPTIMIZATION_LEVEL = "-O";
				VALIDATE_PRODUCT = YES;
			};
			name = Release;
		};
		1F07C673297066460032DC5B /* Debug */ = {
			isa = XCBuildConfiguration;
			baseConfigurationReference = AF6AD56AB6174D3DF3929126 /* Pods-BankGit.debug.xcconfig */;
			buildSettings = {
				ASSETCATALOG_COMPILER_APPICON_NAME = AppIcon;
				ASSETCATALOG_COMPILER_GLOBAL_ACCENT_COLOR_NAME = AccentColor;
				CODE_SIGN_STYLE = Automatic;
				CURRENT_PROJECT_VERSION = 1;
				DEVELOPMENT_TEAM = 46WGSYKGFT;
				GENERATE_INFOPLIST_FILE = YES;
				INFOPLIST_FILE = BankGit/Info.plist;
				INFOPLIST_KEY_UIApplicationSupportsIndirectInputEvents = YES;
				INFOPLIST_KEY_UILaunchStoryboardName = LaunchScreen;
				INFOPLIST_KEY_UIMainStoryboardFile = Main;
				INFOPLIST_KEY_UISupportedInterfaceOrientations_iPad = "UIInterfaceOrientationPortrait UIInterfaceOrientationPortraitUpsideDown UIInterfaceOrientationLandscapeLeft UIInterfaceOrientationLandscapeRight";
				INFOPLIST_KEY_UISupportedInterfaceOrientations_iPhone = "UIInterfaceOrientationPortrait UIInterfaceOrientationLandscapeLeft UIInterfaceOrientationLandscapeRight";
				LD_RUNPATH_SEARCH_PATHS = (
					"$(inherited)",
					"@executable_path/Frameworks",
				);
				MARKETING_VERSION = 1.0;
				PRODUCT_BUNDLE_IDENTIFIER = by.byby.BankGit;
				PRODUCT_NAME = "$(TARGET_NAME)";
				SWIFT_EMIT_LOC_STRINGS = YES;
				SWIFT_VERSION = 5.0;
				TARGETED_DEVICE_FAMILY = "1,2";
			};
			name = Debug;
		};
		1F07C674297066460032DC5B /* Release */ = {
			isa = XCBuildConfiguration;
			baseConfigurationReference = E87BB6A715C59AAF47BF8D05 /* Pods-BankGit.release.xcconfig */;
			buildSettings = {
				ASSETCATALOG_COMPILER_APPICON_NAME = AppIcon;
				ASSETCATALOG_COMPILER_GLOBAL_ACCENT_COLOR_NAME = AccentColor;
				CODE_SIGN_STYLE = Automatic;
				CURRENT_PROJECT_VERSION = 1;
				DEVELOPMENT_TEAM = 46WGSYKGFT;
				GENERATE_INFOPLIST_FILE = YES;
				INFOPLIST_FILE = BankGit/Info.plist;
				INFOPLIST_KEY_UIApplicationSupportsIndirectInputEvents = YES;
				INFOPLIST_KEY_UILaunchStoryboardName = LaunchScreen;
				INFOPLIST_KEY_UIMainStoryboardFile = Main;
				INFOPLIST_KEY_UISupportedInterfaceOrientations_iPad = "UIInterfaceOrientationPortrait UIInterfaceOrientationPortraitUpsideDown UIInterfaceOrientationLandscapeLeft UIInterfaceOrientationLandscapeRight";
				INFOPLIST_KEY_UISupportedInterfaceOrientations_iPhone = "UIInterfaceOrientationPortrait UIInterfaceOrientationLandscapeLeft UIInterfaceOrientationLandscapeRight";
				LD_RUNPATH_SEARCH_PATHS = (
					"$(inherited)",
					"@executable_path/Frameworks",
				);
				MARKETING_VERSION = 1.0;
				PRODUCT_BUNDLE_IDENTIFIER = by.byby.BankGit;
				PRODUCT_NAME = "$(TARGET_NAME)";
				SWIFT_EMIT_LOC_STRINGS = YES;
				SWIFT_VERSION = 5.0;
				TARGETED_DEVICE_FAMILY = "1,2";
			};
			name = Release;
		};
/* End XCBuildConfiguration section */

/* Begin XCConfigurationList section */
		1F07C659297066450032DC5B /* Build configuration list for PBXProject "BankGit" */ = {
			isa = XCConfigurationList;
			buildConfigurations = (
				1F07C670297066460032DC5B /* Debug */,
				1F07C671297066460032DC5B /* Release */,
			);
			defaultConfigurationIsVisible = 0;
			defaultConfigurationName = Release;
		};
		1F07C672297066460032DC5B /* Build configuration list for PBXNativeTarget "BankGit" */ = {
			isa = XCConfigurationList;
			buildConfigurations = (
				1F07C673297066460032DC5B /* Debug */,
				1F07C674297066460032DC5B /* Release */,
			);
			defaultConfigurationIsVisible = 0;
			defaultConfigurationName = Release;
		};
/* End XCConfigurationList section */
	};
	rootObject = 1F07C656297066450032DC5B /* Project object */;
}
